// !$*UTF8*$!
{
	archiveVersion = 1;
	classes = {
	};
	objectVersion = 50;
	objects = {

/* Begin PBXBuildFile section */
		CEB2C76B26A5E6F10099F893 /* AppDelegate.swift in Sources */ = {isa = PBXBuildFile; fileRef = CEB2C76A26A5E6F10099F893 /* AppDelegate.swift */; };
		CEB2C76D26A5E6F10099F893 /* SceneDelegate.swift in Sources */ = {isa = PBXBuildFile; fileRef = CEB2C76C26A5E6F10099F893 /* SceneDelegate.swift */; };
		CEB2C76F26A5E6F10099F893 /* ViewController.swift in Sources */ = {isa = PBXBuildFile; fileRef = CEB2C76E26A5E6F10099F893 /* ViewController.swift */; };
		CEB2C77226A5E6F10099F893 /* Main.storyboard in Resources */ = {isa = PBXBuildFile; fileRef = CEB2C77026A5E6F10099F893 /* Main.storyboard */; };
		CEB2C77426A5E6F20099F893 /* Assets.xcassets in Resources */ = {isa = PBXBuildFile; fileRef = CEB2C77326A5E6F20099F893 /* Assets.xcassets */; };
		CEB2C77726A5E6F20099F893 /* LaunchScreen.storyboard in Resources */ = {isa = PBXBuildFile; fileRef = CEB2C77526A5E6F20099F893 /* LaunchScreen.storyboard */; };
		CEB2C77F26A5F2AF0099F893 /* CustomTableViewCell.swift in Sources */ = {isa = PBXBuildFile; fileRef = CEB2C77E26A5F2AF0099F893 /* CustomTableViewCell.swift */; };
		CECCD34626C16E07004FE722 /* README.md in Resources */ = {isa = PBXBuildFile; fileRef = CECCD34526C16E07004FE722 /* README.md */; };
/* End PBXBuildFile section */

/* Begin PBXFileReference section */
		CEB2C76726A5E6F10099F893 /* CatsTableView.app */ = {isa = PBXFileReference; explicitFileType = wrapper.application; includeInIndex = 0; path = CatsTableView.app; sourceTree = BUILT_PRODUCTS_DIR; };
		CEB2C76A26A5E6F10099F893 /* AppDelegate.swift */ = {isa = PBXFileReference; lastKnownFileType = sourcecode.swift; path = AppDelegate.swift; sourceTree = "<group>"; };
		CEB2C76C26A5E6F10099F893 /* SceneDelegate.swift */ = {isa = PBXFileReference; lastKnownFileType = sourcecode.swift; path = SceneDelegate.swift; sourceTree = "<group>"; };
		CEB2C76E26A5E6F10099F893 /* ViewController.swift */ = {isa = PBXFileReference; lastKnownFileType = sourcecode.swift; path = ViewController.swift; sourceTree = "<group>"; };
		CEB2C77126A5E6F10099F893 /* Base */ = {isa = PBXFileReference; lastKnownFileType = file.storyboard; name = Base; path = Base.lproj/Main.storyboard; sourceTree = "<group>"; };
		CEB2C77326A5E6F20099F893 /* Assets.xcassets */ = {isa = PBXFileReference; lastKnownFileType = folder.assetcatalog; path = Assets.xcassets; sourceTree = "<group>"; };
		CEB2C77626A5E6F20099F893 /* Base */ = {isa = PBXFileReference; lastKnownFileType = file.storyboard; name = Base; path = Base.lproj/LaunchScreen.storyboard; sourceTree = "<group>"; };
		CEB2C77826A5E6F20099F893 /* Info.plist */ = {isa = PBXFileReference; lastKnownFileType = text.plist.xml; path = Info.plist; sourceTree = "<group>"; };
		CEB2C77E26A5F2AF0099F893 /* CustomTableViewCell.swift */ = {isa = PBXFileReference; lastKnownFileType = sourcecode.swift; path = CustomTableViewCell.swift; sourceTree = "<group>"; };
		CECCD34526C16E07004FE722 /* README.md */ = {isa = PBXFileReference; lastKnownFileType = net.daringfireball.markdown; path = README.md; sourceTree = "<group>"; };
/* End PBXFileReference section */

/* Begin PBXFrameworksBuildPhase section */
		CEB2C76426A5E6F10099F893 /* Frameworks */ = {
			isa = PBXFrameworksBuildPhase;
			buildActionMask = 2147483647;
			files = (
			);
			runOnlyForDeploymentPostprocessing = 0;
		};
/* End PBXFrameworksBuildPhase section */

/* Begin PBXGroup section */
		CEB2C75E26A5E6F10099F893 = {
			isa = PBXGroup;
			children = (
				CECCD34526C16E07004FE722 /* README.md */,
				CEB2C76926A5E6F10099F893 /* CatsTableView */,
				CEB2C76826A5E6F10099F893 /* Products */,
			);
			sourceTree = "<group>";
		};
		CEB2C76826A5E6F10099F893 /* Products */ = {
			isa = PBXGroup;
			children = (
				CEB2C76726A5E6F10099F893 /* CatsTableView.app */,
			);
			name = Products;
			sourceTree = "<group>";
		};
		CEB2C76926A5E6F10099F893 /* CatsTableView */ = {
			isa = PBXGroup;
			children = (
				CEB2C76A26A5E6F10099F893 /* AppDelegate.swift */,
				CEB2C76C26A5E6F10099F893 /* SceneDelegate.swift */,
				CEB2C76E26A5E6F10099F893 /* ViewController.swift */,
				CEB2C77026A5E6F10099F893 /* Main.storyboard */,
				CEB2C77326A5E6F20099F893 /* Assets.xcassets */,
				CEB2C77526A5E6F20099F893 /* LaunchScreen.storyboard */,
				CEB2C77826A5E6F20099F893 /* Info.plist */,
				CEB2C77E26A5F2AF0099F893 /* CustomTableViewCell.swift */,
			);
			path = CatsTableView;
			sourceTree = "<group>";
		};
/* End PBXGroup section */

/* Begin PBXNativeTarget section */
		CEB2C76626A5E6F10099F893 /* CatsTableView */ = {
			isa = PBXNativeTarget;
			buildConfigurationList = CEB2C77B26A5E6F20099F893 /* Build configuration list for PBXNativeTarget "CatsTableView" */;
			buildPhases = (
				CEB2C76326A5E6F10099F893 /* Sources */,
				CEB2C76426A5E6F10099F893 /* Frameworks */,
				CEB2C76526A5E6F10099F893 /* Resources */,
			);
			buildRules = (
			);
			dependencies = (
			);
			name = CatsTableView;
			productName = CatsTableView;
			productReference = CEB2C76726A5E6F10099F893 /* CatsTableView.app */;
			productType = "com.apple.product-type.application";
		};
/* End PBXNativeTarget section */

/* Begin PBXProject section */
		CEB2C75F26A5E6F10099F893 /* Project object */ = {
			isa = PBXProject;
			attributes = {
				LastSwiftUpdateCheck = 1250;
				LastUpgradeCheck = 1250;
				TargetAttributes = {
					CEB2C76626A5E6F10099F893 = {
						CreatedOnToolsVersion = 12.5.1;
					};
				};
			};
			buildConfigurationList = CEB2C76226A5E6F10099F893 /* Build configuration list for PBXProject "CatsTableView" */;
			compatibilityVersion = "Xcode 9.3";
			developmentRegion = en;
			hasScannedForEncodings = 0;
			knownRegions = (
				en,
				Base,
			);
			mainGroup = CEB2C75E26A5E6F10099F893;
			productRefGroup = CEB2C76826A5E6F10099F893 /* Products */;
			projectDirPath = "";
			projectRoot = "";
			targets = (
				CEB2C76626A5E6F10099F893 /* CatsTableView */,
			);
		};
/* End PBXProject section */

/* Begin PBXResourcesBuildPhase section */
		CEB2C76526A5E6F10099F893 /* Resources */ = {
			isa = PBXResourcesBuildPhase;
			buildActionMask = 2147483647;
			files = (
				CEB2C77726A5E6F20099F893 /* LaunchScreen.storyboard in Resources */,
				CEB2C77426A5E6F20099F893 /* Assets.xcassets in Resources */,
				CECCD34626C16E07004FE722 /* README.md in Resources */,
				CEB2C77226A5E6F10099F893 /* Main.storyboard in Resources */,
			);
			runOnlyForDeploymentPostprocessing = 0;
		};
/* End PBXResourcesBuildPhase section */

/* Begin PBXSourcesBuildPhase section */
		CEB2C76326A5E6F10099F893 /* Sources */ = {
			isa = PBXSourcesBuildPhase;
			buildActionMask = 2147483647;
			files = (
				CEB2C76F26A5E6F10099F893 /* ViewController.swift in Sources */,
				CEB2C76B26A5E6F10099F893 /* AppDelegate.swift in Sources */,
				CEB2C77F26A5F2AF0099F893 /* CustomTableViewCell.swift in Sources */,
				CEB2C76D26A5E6F10099F893 /* SceneDelegate.swift in Sources */,
			);
			runOnlyForDeploymentPostprocessing = 0;
		};
/* End PBXSourcesBuildPhase section */

/* Begin PBXVariantGroup section */
		CEB2C77026A5E6F10099F893 /* Main.storyboard */ = {
			isa = PBXVariantGroup;
			children = (
				CEB2C77126A5E6F10099F893 /* Base */,
			);
			name = Main.storyboard;
			sourceTree = "<group>";
		};
		CEB2C77526A5E6F20099F893 /* LaunchScreen.storyboard */ = {
			isa = PBXVariantGroup;
			children = (
				CEB2C77626A5E6F20099F893 /* Base */,
			);
			name = LaunchScreen.storyboard;
			sourceTree = "<group>";
		};
/* End PBXVariantGroup section */

/* Begin XCBuildConfiguration section */
		CEB2C77926A5E6F20099F893 /* Debug */ = {
			isa = XCBuildConfiguration;
			buildSettings = {
				ALWAYS_SEARCH_USER_PATHS = NO;
				CLANG_ANALYZER_NONNULL = YES;
				CLANG_ANALYZER_NUMBER_OBJECT_CONVERSION = YES_AGGRESSIVE;
				CLANG_CXX_LANGUAGE_STANDARD = "gnu++14";
				CLANG_CXX_LIBRARY = "libc++";
				CLANG_ENABLE_MODULES = YES;
				CLANG_ENABLE_OBJC_ARC = YES;
				CLANG_ENABLE_OBJC_WEAK = YES;
				CLANG_WARN_BLOCK_CAPTURE_AUTORELEASING = YES;
				CLANG_WARN_BOOL_CONVERSION = YES;
				CLANG_WARN_COMMA = YES;
				CLANG_WARN_CONSTANT_CONVERSION = YES;
				CLANG_WARN_DEPRECATED_OBJC_IMPLEMENTATIONS = YES;
				CLANG_WARN_DIRECT_OBJC_ISA_USAGE = YES_ERROR;
				CLANG_WARN_DOCUMENTATION_COMMENTS = YES;
				CLANG_WARN_EMPTY_BODY = YES;
				CLANG_WARN_ENUM_CONVERSION = YES;
				CLANG_WARN_INFINITE_RECURSION = YES;
				CLANG_WARN_INT_CONVERSION = YES;
				CLANG_WARN_NON_LITERAL_NULL_CONVERSION = YES;
				CLANG_WARN_OBJC_IMPLICIT_RETAIN_SELF = YES;
				CLANG_WARN_OBJC_LITERAL_CONVERSION = YES;
				CLANG_WARN_OBJC_ROOT_CLASS = YES_ERROR;
				CLANG_WARN_QUOTED_INCLUDE_IN_FRAMEWORK_HEADER = YES;
				CLANG_WARN_RANGE_LOOP_ANALYSIS = YES;
				CLANG_WARN_STRICT_PROTOTYPES = YES;
				CLANG_WARN_SUSPICIOUS_MOVE = YES;
				CLANG_WARN_UNGUARDED_AVAILABILITY = YES_AGGRESSIVE;
				CLANG_WARN_UNREACHABLE_CODE = YES;
				CLANG_WARN__DUPLICATE_METHOD_MATCH = YES;
				COPY_PHASE_STRIP = NO;
				DEBUG_INFORMATION_FORMAT = dwarf;
				ENABLE_STRICT_OBJC_MSGSEND = YES;
				ENABLE_TESTABILITY = YES;
				GCC_C_LANGUAGE_STANDARD = gnu11;
				GCC_DYNAMIC_NO_PIC = NO;
				GCC_NO_COMMON_BLOCKS = YES;
				GCC_OPTIMIZATION_LEVEL = 0;
				GCC_PREPROCESSOR_DEFINITIONS = (
					"DEBUG=1",
					"$(inherited)",
				);
				GCC_WARN_64_TO_32_BIT_CONVERSION = YES;
				GCC_WARN_ABOUT_RETURN_TYPE = YES_ERROR;
				GCC_WARN_UNDECLARED_SELECTOR = YES;
				GCC_WARN_UNINITIALIZED_AUTOS = YES_AGGRESSIVE;
				GCC_WARN_UNUSED_FUNCTION = YES;
				GCC_WARN_UNUSED_VARIABLE = YES;
				IPHONEOS_DEPLOYMENT_TARGET = 14.5;
				MTL_ENABLE_DEBUG_INFO = INCLUDE_SOURCE;
				MTL_FAST_MATH = YES;
				ONLY_ACTIVE_ARCH = YES;
				SDKROOT = iphoneos;
				SWIFT_ACTIVE_COMPILATION_CONDITIONS = DEBUG;
				SWIFT_OPTIMIZATION_LEVEL = "-Onone";
			};
			name = Debug;
		};
		CEB2C77A26A5E6F20099F893 /* Release */ = {
			isa = XCBuildConfiguration;
			buildSettings = {
				ALWAYS_SEARCH_USER_PATHS = NO;
				CLANG_ANALYZER_NONNULL = YES;
				CLANG_ANALYZER_NUMBER_OBJECT_CONVERSION = YES_AGGRESSIVE;
				CLANG_CXX_LANGUAGE_STANDARD = "gnu++14";
				CLANG_CXX_LIBRARY = "libc++";
				CLANG_ENABLE_MODULES = YES;
				CLANG_ENABLE_OBJC_ARC = YES;
				CLANG_ENABLE_OBJC_WEAK = YES;
				CLANG_WARN_BLOCK_CAPTURE_AUTORELEASING = YES;
				CLANG_WARN_BOOL_CONVERSION = YES;
				CLANG_WARN_COMMA = YES;
				CLANG_WARN_CONSTANT_CONVERSION = YES;
				CLANG_WARN_DEPRECATED_OBJC_IMPLEMENTATIONS = YES;
				CLANG_WARN_DIRECT_OBJC_ISA_USAGE = YES_ERROR;
				CLANG_WARN_DOCUMENTATION_COMMENTS = YES;
				CLANG_WARN_EMPTY_BODY = YES;
				CLANG_WARN_ENUM_CONVERSION = YES;
				CLANG_WARN_INFINITE_RECURSION = YES;
				CLANG_WARN_INT_CONVERSION = YES;
				CLANG_WARN_NON_LITERAL_NULL_CONVERSION = YES;
				CLANG_WARN_OBJC_IMPLICIT_RETAIN_SELF = YES;
				CLANG_WARN_OBJC_LITERAL_CONVERSION = YES;
				CLANG_WARN_OBJC_ROOT_CLASS = YES_ERROR;
				CLANG_WARN_QUOTED_INCLUDE_IN_FRAMEWORK_HEADER = YES;
				CLANG_WARN_RANGE_LOOP_ANALYSIS = YES;
				CLANG_WARN_STRICT_PROTOTYPES = YES;
				CLANG_WARN_SUSPICIOUS_MOVE = YES;
				CLANG_WARN_UNGUARDED_AVAILABILITY = YES_AGGRESSIVE;
				CLANG_WARN_UNREACHABLE_CODE = YES;
				CLANG_WARN__DUPLICATE_METHOD_MATCH = YES;
				COPY_PHASE_STRIP = NO;
				DEBUG_INFORMATION_FORMAT = "dwarf-with-dsym";
				ENABLE_NS_ASSERTIONS = NO;
				ENABLE_STRICT_OBJC_MSGSEND = YES;
				GCC_C_LANGUAGE_STANDARD = gnu11;
				GCC_NO_COMMON_BLOCKS = YES;
				GCC_WARN_64_TO_32_BIT_CONVERSION = YES;
				GCC_WARN_ABOUT_RETURN_TYPE = YES_ERROR;
				GCC_WARN_UNDECLARED_SELECTOR = YES;
				GCC_WARN_UNINITIALIZED_AUTOS = YES_AGGRESSIVE;
				GCC_WARN_UNUSED_FUNCTION = YES;
				GCC_WARN_UNUSED_VARIABLE = YES;
				IPHONEOS_DEPLOYMENT_TARGET = 14.5;
				MTL_ENABLE_DEBUG_INFO = NO;
				MTL_FAST_MATH = YES;
				SDKROOT = iphoneos;
				SWIFT_COMPILATION_MODE = wholemodule;
				SWIFT_OPTIMIZATION_LEVEL = "-O";
				VALIDATE_PRODUCT = YES;
			};
			name = Release;
		};
		CEB2C77C26A5E6F20099F893 /* Debug */ = {
			isa = XCBuildConfiguration;
			buildSettings = {
				ASSETCATALOG_COMPILER_APPICON_NAME = AppIcon;
				ASSETCATALOG_COMPILER_GLOBAL_ACCENT_COLOR_NAME = AccentColor;
				CODE_SIGN_STYLE = Automatic;
				DEVELOPMENT_TEAM = M5L8S7W7R9;
				INFOPLIST_FILE = CatsTableView/Info.plist;
				LD_RUNPATH_SEARCH_PATHS = (
					"$(inherited)",
					"@executable_path/Frameworks",
				);
				PRODUCT_BUNDLE_IDENTIFIER = br.com.cit.bootcamp.CatsTableView;
				PRODUCT_NAME = "$(TARGET_NAME)";
				SWIFT_VERSION = 5.0;
				TARGETED_DEVICE_FAMILY = "1,2";
			};
			name = Debug;
		};
		CEB2C77D26A5E6F20099F893 /* Release */ = {
			isa = XCBuildConfiguration;
			buildSettings = {
				ASSETCATALOG_COMPILER_APPICON_NAME = AppIcon;
				ASSETCATALOG_COMPILER_GLOBAL_ACCENT_COLOR_NAME = AccentColor;
				CODE_SIGN_STYLE = Automatic;
				DEVELOPMENT_TEAM = M5L8S7W7R9;
				INFOPLIST_FILE = CatsTableView/Info.plist;
				LD_RUNPATH_SEARCH_PATHS = (
					"$(inherited)",
					"@executable_path/Frameworks",
				);
				PRODUCT_BUNDLE_IDENTIFIER = br.com.cit.bootcamp.CatsTableView;
				PRODUCT_NAME = "$(TARGET_NAME)";
				SWIFT_VERSION = 5.0;
				TARGETED_DEVICE_FAMILY = "1,2";
			};
			name = Release;
		};
/* End XCBuildConfiguration section */

/* Begin XCConfigurationList section */
		CEB2C76226A5E6F10099F893 /* Build configuration list for PBXProject "CatsTableView" */ = {
			isa = XCConfigurationList;
			buildConfigurations = (
				CEB2C77926A5E6F20099F893 /* Debug */,
				CEB2C77A26A5E6F20099F893 /* Release */,
			);
			defaultConfigurationIsVisible = 0;
			defaultConfigurationName = Release;
		};
		CEB2C77B26A5E6F20099F893 /* Build configuration list for PBXNativeTarget "CatsTableView" */ = {
			isa = XCConfigurationList;
			buildConfigurations = (
				CEB2C77C26A5E6F20099F893 /* Debug */,
				CEB2C77D26A5E6F20099F893 /* Release */,
			);
			defaultConfigurationIsVisible = 0;
			defaultConfigurationName = Release;
		};
/* End XCConfigurationList section */
	};
	rootObject = CEB2C75F26A5E6F10099F893 /* Project object */;
}
